
Microsoft Visual Studio Solution File, Format Version 12.00
# Visual Studio Version 17
VisualStudioVersion = 17.1.32210.238
MinimumVisualStudioVersion = 10.0.40219.1
Project("{FAE04EC0-301F-11D3-BF4B-00C04F79EFBC}") = "Leapyear", "Leapyear\Leapyear.csproj", "{4AABD6E1-7902-4C9D-9901-27E444DC2148}"
EndProject
Global
	GlobalSection(SolutionConfigurationPlatforms) = preSolution
		Debug|Any CPU = Debug|Any CPU
		Release|Any CPU = Release|Any CPU
	EndGlobalSection
	GlobalSection(ProjectConfigurationPlatforms) = postSolution
		{4AABD6E1-7902-4C9D-9901-27E444DC2148}.Debug|Any CPU.ActiveCfg = Debug|Any CPU
		{4AABD6E1-7902-4C9D-9901-27E444DC2148}.Debug|Any CPU.Build.0 = Debug|Any CPU
		{4AABD6E1-7902-4C9D-9901-27E444DC2148}.Release|Any CPU.ActiveCfg = Release|Any CPU
		{4AABD6E1-7902-4C9D-9901-27E444DC2148}.Release|Any CPU.Build.0 = Release|Any CPU
	EndGlobalSection
	GlobalSection(SolutionProperties) = preSolution
		HideSolutionNode = FALSE
	EndGlobalSection
	GlobalSection(ExtensibilityGlobals) = postSolution
		SolutionGuid = {3E7552C0-ED9A-4EB7-B8F6-BB2BBB28FE18}
	EndGlobalSection
EndGlobal
